
Microsoft Visual Studio Solution File, Format Version 12.00
# Visual Studio Version 17
VisualStudioVersion = 17.5.33627.172
MinimumVisualStudioVersion = 10.0.40219.1
Project("{FAE04EC0-301F-11D3-BF4B-00C04F79EFBC}") = "UrlShortener", "UrlShortener\UrlShortener.csproj", "{E86318D1-C626-4C7B-ABAB-3300E9140D71}"
EndProject
Project("{FAE04EC0-301F-11D3-BF4B-00C04F79EFBC}") = "UrlShortener.DAL", "UrlShortener.DAL\UrlShortener.DAL.csproj", "{0B9DE03A-8FE3-4E60-8F95-C8FFD67B1E16}"
EndProject
Global
	GlobalSection(SolutionConfigurationPlatforms) = preSolution
		Debug|Any CPU = Debug|Any CPU
		Release|Any CPU = Release|Any CPU
	EndGlobalSection
	GlobalSection(ProjectConfigurationPlatforms) = postSolution
		{E86318D1-C626-4C7B-ABAB-3300E9140D71}.Debug|Any CPU.ActiveCfg = Debug|Any CPU
		{E86318D1-C626-4C7B-ABAB-3300E9140D71}.Debug|Any CPU.Build.0 = Debug|Any CPU
		{E86318D1-C626-4C7B-ABAB-3300E9140D71}.Release|Any CPU.ActiveCfg = Release|Any CPU
		{E86318D1-C626-4C7B-ABAB-3300E9140D71}.Release|Any CPU.Build.0 = Release|Any CPU
		{0B9DE03A-8FE3-4E60-8F95-C8FFD67B1E16}.Debug|Any CPU.ActiveCfg = Debug|Any CPU
		{0B9DE03A-8FE3-4E60-8F95-C8FFD67B1E16}.Debug|Any CPU.Build.0 = Debug|Any CPU
		{0B9DE03A-8FE3-4E60-8F95-C8FFD67B1E16}.Release|Any CPU.ActiveCfg = Release|Any CPU
		{0B9DE03A-8FE3-4E60-8F95-C8FFD67B1E16}.Release|Any CPU.Build.0 = Release|Any CPU
	EndGlobalSection
	GlobalSection(SolutionProperties) = preSolution
		HideSolutionNode = FALSE
	EndGlobalSection
	GlobalSection(ExtensibilityGlobals) = postSolution
		SolutionGuid = {950223D7-4761-47D4-B8C2-0E1B9F09039B}
	EndGlobalSection
EndGlobal
